
Microsoft Visual Studio Solution File, Format Version 12.00
# Visual Studio 15
VisualStudioVersion = 15.0.27428.2037
MinimumVisualStudioVersion = 10.0.40219.1
Project("{FAE04EC0-301F-11D3-BF4B-00C04F79EFBC}") = "dwm-condominios", "dwm-condominios\dwm-condominios.csproj", "{51BE12C1-087D-4059-ACDE-5CBA23355ABC}"
EndProject
Project("{FAE04EC0-301F-11D3-BF4B-00C04F79EFBC}") = "App_Dominio", "..\app_dominio\App_Dominio\App_Dominio\App_Dominio.csproj", "{3FFAF7B0-E293-489C-80DE-0C0AC24CF8E2}"
EndProject
Global
	GlobalSection(SolutionConfigurationPlatforms) = preSolution
		Debug|Any CPU = Debug|Any CPU
		Release|Any CPU = Release|Any CPU
	EndGlobalSection
	GlobalSection(ProjectConfigurationPlatforms) = postSolution
		{51BE12C1-087D-4059-ACDE-5CBA23355ABC}.Debug|Any CPU.ActiveCfg = Debug|Any CPU
		{51BE12C1-087D-4059-ACDE-5CBA23355ABC}.Debug|Any CPU.Build.0 = Debug|Any CPU
		{51BE12C1-087D-4059-ACDE-5CBA23355ABC}.Release|Any CPU.ActiveCfg = Release|Any CPU
		{51BE12C1-087D-4059-ACDE-5CBA23355ABC}.Release|Any CPU.Build.0 = Release|Any CPU
		{3FFAF7B0-E293-489C-80DE-0C0AC24CF8E2}.Debug|Any CPU.ActiveCfg = Debug|Any CPU
		{3FFAF7B0-E293-489C-80DE-0C0AC24CF8E2}.Debug|Any CPU.Build.0 = Debug|Any CPU
		{3FFAF7B0-E293-489C-80DE-0C0AC24CF8E2}.Release|Any CPU.ActiveCfg = Release|Any CPU
		{3FFAF7B0-E293-489C-80DE-0C0AC24CF8E2}.Release|Any CPU.Build.0 = Release|Any CPU
	EndGlobalSection
	GlobalSection(SolutionProperties) = preSolution
		HideSolutionNode = FALSE
	EndGlobalSection
	GlobalSection(ExtensibilityGlobals) = postSolution
		SolutionGuid = {6F89F9D6-33F5-40BD-A355-1F30973F4DC7}
	EndGlobalSection
EndGlobal
